// !$*UTF8*$!
{
	archiveVersion = 1;
	classes = {
	};
	objectVersion = 48;
	objects = {

/* Begin PBXBuildFile section */
		702E239F1FFD53A900A1F365 /* AppDelegate.swift in Sources */ = {isa = PBXBuildFile; fileRef = 702E239E1FFD53A900A1F365 /* AppDelegate.swift */; };
		702E23A11FFD53A900A1F365 /* MainView.swift in Sources */ = {isa = PBXBuildFile; fileRef = 702E23A01FFD53A900A1F365 /* MainView.swift */; };
		702E23A41FFD53A900A1F365 /* Main.storyboard in Resources */ = {isa = PBXBuildFile; fileRef = 702E23A21FFD53A900A1F365 /* Main.storyboard */; };
		702E23A61FFD53A900A1F365 /* Assets.xcassets in Resources */ = {isa = PBXBuildFile; fileRef = 702E23A51FFD53A900A1F365 /* Assets.xcassets */; };
		702E23A91FFD53A900A1F365 /* LaunchScreen.storyboard in Resources */ = {isa = PBXBuildFile; fileRef = 702E23A71FFD53A900A1F365 /* LaunchScreen.storyboard */; };
		702E23B41FFD53A900A1F365 /* SampleTests.swift in Sources */ = {isa = PBXBuildFile; fileRef = 702E23B31FFD53A900A1F365 /* SampleTests.swift */; };
		702E23C11FFD53E600A1F365 /* MvvmForIOS.framework in Frameworks */ = {isa = PBXBuildFile; fileRef = 702E23C01FFD53DC00A1F365 /* MvvmForIOS.framework */; };
		702E23C21FFD53E600A1F365 /* MvvmForIOS.framework in Embed Frameworks */ = {isa = PBXBuildFile; fileRef = 702E23C01FFD53DC00A1F365 /* MvvmForIOS.framework */; settings = {ATTRIBUTES = (CodeSignOnCopy, RemoveHeadersOnCopy, ); }; };
		707AB0AA1FFD7B91008496EF /* MainViewModel.swift in Sources */ = {isa = PBXBuildFile; fileRef = 707AB0A91FFD7B91008496EF /* MainViewModel.swift */; };
		707AB0AC1FFD7B9E008496EF /* IData.swift in Sources */ = {isa = PBXBuildFile; fileRef = 707AB0AB1FFD7B9E008496EF /* IData.swift */; };
		707AB0AE1FFD7BA8008496EF /* Data.swift in Sources */ = {isa = PBXBuildFile; fileRef = 707AB0AD1FFD7BA8008496EF /* Data.swift */; };
		707AB0B01FFD7BB2008496EF /* MainData.swift in Sources */ = {isa = PBXBuildFile; fileRef = 707AB0AF1FFD7BB2008496EF /* MainData.swift */; };
		7081E223201340FA00E061CA /* SecondView.swift in Sources */ = {isa = PBXBuildFile; fileRef = 7081E222201340FA00E061CA /* SecondView.swift */; };
		7081E2252013410400E061CA /* Second.storyboard in Resources */ = {isa = PBXBuildFile; fileRef = 7081E2242013410400E061CA /* Second.storyboard */; };
		7081E2272013413300E061CA /* SecondViewModel.swift in Sources */ = {isa = PBXBuildFile; fileRef = 7081E2262013413300E061CA /* SecondViewModel.swift */; };
/* End PBXBuildFile section */

/* Begin PBXContainerItemProxy section */
		702E23B01FFD53A900A1F365 /* PBXContainerItemProxy */ = {
			isa = PBXContainerItemProxy;
			containerPortal = 702E23931FFD53A900A1F365 /* Project object */;
			proxyType = 1;
			remoteGlobalIDString = 702E239A1FFD53A900A1F365;
			remoteInfo = Sample;
		};
/* End PBXContainerItemProxy section */

/* Begin PBXCopyFilesBuildPhase section */
		702E23C31FFD53E600A1F365 /* Embed Frameworks */ = {
			isa = PBXCopyFilesBuildPhase;
			buildActionMask = 2147483647;
			dstPath = "";
			dstSubfolderSpec = 10;
			files = (
				702E23C21FFD53E600A1F365 /* MvvmForIOS.framework in Embed Frameworks */,
			);
			name = "Embed Frameworks";
			runOnlyForDeploymentPostprocessing = 0;
		};
/* End PBXCopyFilesBuildPhase section */

/* Begin PBXFileReference section */
		702E239B1FFD53A900A1F365 /* Sample.app */ = {isa = PBXFileReference; explicitFileType = wrapper.application; includeInIndex = 0; path = Sample.app; sourceTree = BUILT_PRODUCTS_DIR; };
		702E239E1FFD53A900A1F365 /* AppDelegate.swift */ = {isa = PBXFileReference; lastKnownFileType = sourcecode.swift; path = AppDelegate.swift; sourceTree = "<group>"; };
		702E23A01FFD53A900A1F365 /* MainView.swift */ = {isa = PBXFileReference; lastKnownFileType = sourcecode.swift; path = MainView.swift; sourceTree = "<group>"; };
		702E23A31FFD53A900A1F365 /* Base */ = {isa = PBXFileReference; lastKnownFileType = file.storyboard; name = Base; path = Base.lproj/Main.storyboard; sourceTree = "<group>"; };
		702E23A51FFD53A900A1F365 /* Assets.xcassets */ = {isa = PBXFileReference; lastKnownFileType = folder.assetcatalog; path = Assets.xcassets; sourceTree = "<group>"; };
		702E23A81FFD53A900A1F365 /* Base */ = {isa = PBXFileReference; lastKnownFileType = file.storyboard; name = Base; path = Base.lproj/LaunchScreen.storyboard; sourceTree = "<group>"; };
		702E23AA1FFD53A900A1F365 /* Info.plist */ = {isa = PBXFileReference; lastKnownFileType = text.plist.xml; path = Info.plist; sourceTree = "<group>"; };
		702E23AF1FFD53A900A1F365 /* SampleTests.xctest */ = {isa = PBXFileReference; explicitFileType = wrapper.cfbundle; includeInIndex = 0; path = SampleTests.xctest; sourceTree = BUILT_PRODUCTS_DIR; };
		702E23B31FFD53A900A1F365 /* SampleTests.swift */ = {isa = PBXFileReference; lastKnownFileType = sourcecode.swift; path = SampleTests.swift; sourceTree = "<group>"; };
		702E23B51FFD53A900A1F365 /* Info.plist */ = {isa = PBXFileReference; lastKnownFileType = text.plist.xml; path = Info.plist; sourceTree = "<group>"; };
		702E23C01FFD53DC00A1F365 /* MvvmForIOS.framework */ = {isa = PBXFileReference; explicitFileType = wrapper.framework; path = MvvmForIOS.framework; sourceTree = BUILT_PRODUCTS_DIR; };
		702E23F81FFD549F00A1F365 /* sample-Bridging-Header.h */ = {isa = PBXFileReference; fileEncoding = 4; lastKnownFileType = sourcecode.c.h; path = "sample-Bridging-Header.h"; sourceTree = "<group>"; };
		707AB0A91FFD7B91008496EF /* MainViewModel.swift */ = {isa = PBXFileReference; lastKnownFileType = sourcecode.swift; path = MainViewModel.swift; sourceTree = "<group>"; };
		707AB0AB1FFD7B9E008496EF /* IData.swift */ = {isa = PBXFileReference; lastKnownFileType = sourcecode.swift; path = IData.swift; sourceTree = "<group>"; };
		707AB0AD1FFD7BA8008496EF /* Data.swift */ = {isa = PBXFileReference; lastKnownFileType = sourcecode.swift; path = Data.swift; sourceTree = "<group>"; };
		707AB0AF1FFD7BB2008496EF /* MainData.swift */ = {isa = PBXFileReference; lastKnownFileType = sourcecode.swift; path = MainData.swift; sourceTree = "<group>"; };
		7081E222201340FA00E061CA /* SecondView.swift */ = {isa = PBXFileReference; lastKnownFileType = sourcecode.swift; path = SecondView.swift; sourceTree = "<group>"; };
		7081E2242013410400E061CA /* Second.storyboard */ = {isa = PBXFileReference; lastKnownFileType = file.storyboard; path = Second.storyboard; sourceTree = "<group>"; };
		7081E2262013413300E061CA /* SecondViewModel.swift */ = {isa = PBXFileReference; lastKnownFileType = sourcecode.swift; path = SecondViewModel.swift; sourceTree = "<group>"; };
/* End PBXFileReference section */

/* Begin PBXFrameworksBuildPhase section */
		702E23981FFD53A900A1F365 /* Frameworks */ = {
			isa = PBXFrameworksBuildPhase;
			buildActionMask = 2147483647;
			files = (
				702E23C11FFD53E600A1F365 /* MvvmForIOS.framework in Frameworks */,
			);
			runOnlyForDeploymentPostprocessing = 0;
		};
		702E23AC1FFD53A900A1F365 /* Frameworks */ = {
			isa = PBXFrameworksBuildPhase;
			buildActionMask = 2147483647;
			files = (
			);
			runOnlyForDeploymentPostprocessing = 0;
		};
/* End PBXFrameworksBuildPhase section */

/* Begin PBXGroup section */
		702E23921FFD53A900A1F365 = {
			isa = PBXGroup;
			children = (
				702E239D1FFD53A900A1F365 /* Sample */,
				702E23B21FFD53A900A1F365 /* SampleTests */,
				702E239C1FFD53A900A1F365 /* Products */,
				702E23BE1FFD53DC00A1F365 /* Frameworks */,
			);
			sourceTree = "<group>";
		};
		702E239C1FFD53A900A1F365 /* Products */ = {
			isa = PBXGroup;
			children = (
				702E239B1FFD53A900A1F365 /* Sample.app */,
				702E23AF1FFD53A900A1F365 /* SampleTests.xctest */,
			);
			name = Products;
			sourceTree = "<group>";
		};
		702E239D1FFD53A900A1F365 /* Sample */ = {
			isa = PBXGroup;
			children = (
				707AB09F1FFD7B34008496EF /* Model */,
				707AB0A21FFD7B53008496EF /* Services */,
				707AB0A11FFD7B49008496EF /* ViewModels */,
				707AB0A01FFD7B42008496EF /* Views */,
				702E23F81FFD549F00A1F365 /* sample-Bridging-Header.h */,
				702E239E1FFD53A900A1F365 /* AppDelegate.swift */,
				702E23A51FFD53A900A1F365 /* Assets.xcassets */,
				702E23A71FFD53A900A1F365 /* LaunchScreen.storyboard */,
				702E23AA1FFD53A900A1F365 /* Info.plist */,
			);
			path = Sample;
			sourceTree = "<group>";
		};
		702E23B21FFD53A900A1F365 /* SampleTests */ = {
			isa = PBXGroup;
			children = (
				702E23B31FFD53A900A1F365 /* SampleTests.swift */,
				702E23B51FFD53A900A1F365 /* Info.plist */,
			);
			path = SampleTests;
			sourceTree = "<group>";
		};
		702E23BE1FFD53DC00A1F365 /* Frameworks */ = {
			isa = PBXGroup;
			children = (
				702E23C01FFD53DC00A1F365 /* MvvmForIOS.framework */,
			);
			name = Frameworks;
			sourceTree = "<group>";
		};
		707AB09F1FFD7B34008496EF /* Model */ = {
			isa = PBXGroup;
			children = (
				707AB0AF1FFD7BB2008496EF /* MainData.swift */,
			);
			path = Model;
			sourceTree = "<group>";
		};
		707AB0A01FFD7B42008496EF /* Views */ = {
			isa = PBXGroup;
			children = (
				702E23A01FFD53A900A1F365 /* MainView.swift */,
				702E23A21FFD53A900A1F365 /* Main.storyboard */,
				7081E222201340FA00E061CA /* SecondView.swift */,
				7081E2242013410400E061CA /* Second.storyboard */,
			);
			path = Views;
			sourceTree = "<group>";
		};
		707AB0A11FFD7B49008496EF /* ViewModels */ = {
			isa = PBXGroup;
			children = (
				707AB0A91FFD7B91008496EF /* MainViewModel.swift */,
				7081E2262013413300E061CA /* SecondViewModel.swift */,
			);
			path = ViewModels;
			sourceTree = "<group>";
		};
		707AB0A21FFD7B53008496EF /* Services */ = {
			isa = PBXGroup;
			children = (
				707AB0A31FFD7B61008496EF /* Interface */,
			);
			path = Services;
			sourceTree = "<group>";
		};
		707AB0A31FFD7B61008496EF /* Interface */ = {
			isa = PBXGroup;
			children = (
				707AB0AB1FFD7B9E008496EF /* IData.swift */,
				707AB0AD1FFD7BA8008496EF /* Data.swift */,
			);
			path = Interface;
			sourceTree = "<group>";
		};
/* End PBXGroup section */

/* Begin PBXNativeTarget section */
		702E239A1FFD53A900A1F365 /* Sample */ = {
			isa = PBXNativeTarget;
			buildConfigurationList = 702E23B81FFD53A900A1F365 /* Build configuration list for PBXNativeTarget "Sample" */;
			buildPhases = (
				702E23971FFD53A900A1F365 /* Sources */,
				702E23981FFD53A900A1F365 /* Frameworks */,
				702E23991FFD53A900A1F365 /* Resources */,
				702E23C31FFD53E600A1F365 /* Embed Frameworks */,
			);
			buildRules = (
			);
			dependencies = (
			);
			name = Sample;
			productName = Sample;
			productReference = 702E239B1FFD53A900A1F365 /* Sample.app */;
			productType = "com.apple.product-type.application";
		};
		702E23AE1FFD53A900A1F365 /* SampleTests */ = {
			isa = PBXNativeTarget;
			buildConfigurationList = 702E23BB1FFD53A900A1F365 /* Build configuration list for PBXNativeTarget "SampleTests" */;
			buildPhases = (
				702E23AB1FFD53A900A1F365 /* Sources */,
				702E23AC1FFD53A900A1F365 /* Frameworks */,
				702E23AD1FFD53A900A1F365 /* Resources */,
			);
			buildRules = (
			);
			dependencies = (
				702E23B11FFD53A900A1F365 /* PBXTargetDependency */,
			);
			name = SampleTests;
			productName = SampleTests;
			productReference = 702E23AF1FFD53A900A1F365 /* SampleTests.xctest */;
			productType = "com.apple.product-type.bundle.unit-test";
		};
/* End PBXNativeTarget section */

/* Begin PBXProject section */
		702E23931FFD53A900A1F365 /* Project object */ = {
			isa = PBXProject;
			attributes = {
				LastSwiftUpdateCheck = 0920;
				LastUpgradeCheck = 0920;
				ORGANIZATIONNAME = "Dabonot Francois";
				TargetAttributes = {
					702E239A1FFD53A900A1F365 = {
						CreatedOnToolsVersion = 9.2;
						ProvisioningStyle = Automatic;
					};
					702E23AE1FFD53A900A1F365 = {
						CreatedOnToolsVersion = 9.2;
						ProvisioningStyle = Automatic;
						TestTargetID = 702E239A1FFD53A900A1F365;
					};
				};
			};
			buildConfigurationList = 702E23961FFD53A900A1F365 /* Build configuration list for PBXProject "Sample" */;
			compatibilityVersion = "Xcode 8.0";
			developmentRegion = en;
			hasScannedForEncodings = 0;
			knownRegions = (
				en,
				Base,
			);
			mainGroup = 702E23921FFD53A900A1F365;
			productRefGroup = 702E239C1FFD53A900A1F365 /* Products */;
			projectDirPath = "";
			projectRoot = "";
			targets = (
				702E239A1FFD53A900A1F365 /* Sample */,
				702E23AE1FFD53A900A1F365 /* SampleTests */,
			);
		};
/* End PBXProject section */

/* Begin PBXResourcesBuildPhase section */
		702E23991FFD53A900A1F365 /* Resources */ = {
			isa = PBXResourcesBuildPhase;
			buildActionMask = 2147483647;
			files = (
				7081E2252013410400E061CA /* Second.storyboard in Resources */,
				702E23A91FFD53A900A1F365 /* LaunchScreen.storyboard in Resources */,
				702E23A61FFD53A900A1F365 /* Assets.xcassets in Resources */,
				702E23A41FFD53A900A1F365 /* Main.storyboard in Resources */,
			);
			runOnlyForDeploymentPostprocessing = 0;
		};
		702E23AD1FFD53A900A1F365 /* Resources */ = {
			isa = PBXResourcesBuildPhase;
			buildActionMask = 2147483647;
			files = (
			);
			runOnlyForDeploymentPostprocessing = 0;
		};
/* End PBXResourcesBuildPhase section */

/* Begin PBXSourcesBuildPhase section */
		702E23971FFD53A900A1F365 /* Sources */ = {
			isa = PBXSourcesBuildPhase;
			buildActionMask = 2147483647;
			files = (
				7081E2272013413300E061CA /* SecondViewModel.swift in Sources */,
				707AB0AE1FFD7BA8008496EF /* Data.swift in Sources */,
				7081E223201340FA00E061CA /* SecondView.swift in Sources */,
				702E23A11FFD53A900A1F365 /* MainView.swift in Sources */,
				702E239F1FFD53A900A1F365 /* AppDelegate.swift in Sources */,
				707AB0AC1FFD7B9E008496EF /* IData.swift in Sources */,
				707AB0AA1FFD7B91008496EF /* MainViewModel.swift in Sources */,
				707AB0B01FFD7BB2008496EF /* MainData.swift in Sources */,
			);
			runOnlyForDeploymentPostprocessing = 0;
		};
		702E23AB1FFD53A900A1F365 /* Sources */ = {
			isa = PBXSourcesBuildPhase;
			buildActionMask = 2147483647;
			files = (
				702E23B41FFD53A900A1F365 /* SampleTests.swift in Sources */,
			);
			runOnlyForDeploymentPostprocessing = 0;
		};
/* End PBXSourcesBuildPhase section */

/* Begin PBXTargetDependency section */
		702E23B11FFD53A900A1F365 /* PBXTargetDependency */ = {
			isa = PBXTargetDependency;
			target = 702E239A1FFD53A900A1F365 /* Sample */;
			targetProxy = 702E23B01FFD53A900A1F365 /* PBXContainerItemProxy */;
		};
/* End PBXTargetDependency section */

/* Begin PBXVariantGroup section */
		702E23A21FFD53A900A1F365 /* Main.storyboard */ = {
			isa = PBXVariantGroup;
			children = (
				702E23A31FFD53A900A1F365 /* Base */,
			);
			name = Main.storyboard;
			sourceTree = "<group>";
		};
		702E23A71FFD53A900A1F365 /* LaunchScreen.storyboard */ = {
			isa = PBXVariantGroup;
			children = (
				702E23A81FFD53A900A1F365 /* Base */,
			);
			name = LaunchScreen.storyboard;
			sourceTree = "<group>";
		};
/* End PBXVariantGroup section */

/* Begin XCBuildConfiguration section */
		702E23B61FFD53A900A1F365 /* Debug */ = {
			isa = XCBuildConfiguration;
			buildSettings = {
				ALWAYS_SEARCH_USER_PATHS = NO;
				CLANG_ANALYZER_NONNULL = YES;
				CLANG_ANALYZER_NUMBER_OBJECT_CONVERSION = YES_AGGRESSIVE;
				CLANG_CXX_LANGUAGE_STANDARD = "gnu++14";
				CLANG_CXX_LIBRARY = "libc++";
				CLANG_ENABLE_MODULES = YES;
				CLANG_ENABLE_OBJC_ARC = YES;
				CLANG_WARN_BLOCK_CAPTURE_AUTORELEASING = YES;
				CLANG_WARN_BOOL_CONVERSION = YES;
				CLANG_WARN_COMMA = YES;
				CLANG_WARN_CONSTANT_CONVERSION = YES;
				CLANG_WARN_DIRECT_OBJC_ISA_USAGE = YES_ERROR;
				CLANG_WARN_DOCUMENTATION_COMMENTS = YES;
				CLANG_WARN_EMPTY_BODY = YES;
				CLANG_WARN_ENUM_CONVERSION = YES;
				CLANG_WARN_INFINITE_RECURSION = YES;
				CLANG_WARN_INT_CONVERSION = YES;
				CLANG_WARN_NON_LITERAL_NULL_CONVERSION = YES;
				CLANG_WARN_OBJC_LITERAL_CONVERSION = YES;
				CLANG_WARN_OBJC_ROOT_CLASS = YES_ERROR;
				CLANG_WARN_RANGE_LOOP_ANALYSIS = YES;
				CLANG_WARN_STRICT_PROTOTYPES = YES;
				CLANG_WARN_SUSPICIOUS_MOVE = YES;
				CLANG_WARN_UNGUARDED_AVAILABILITY = YES_AGGRESSIVE;
				CLANG_WARN_UNREACHABLE_CODE = YES;
				CLANG_WARN__DUPLICATE_METHOD_MATCH = YES;
				CODE_SIGN_IDENTITY = "iPhone Developer";
				COPY_PHASE_STRIP = NO;
				DEBUG_INFORMATION_FORMAT = dwarf;
				ENABLE_STRICT_OBJC_MSGSEND = YES;
				ENABLE_TESTABILITY = YES;
				GCC_C_LANGUAGE_STANDARD = gnu11;
				GCC_DYNAMIC_NO_PIC = NO;
				GCC_NO_COMMON_BLOCKS = YES;
				GCC_OPTIMIZATION_LEVEL = 0;
				GCC_PREPROCESSOR_DEFINITIONS = (
					"DEBUG=1",
					"$(inherited)",
				);
				GCC_WARN_64_TO_32_BIT_CONVERSION = YES;
				GCC_WARN_ABOUT_RETURN_TYPE = YES_ERROR;
				GCC_WARN_UNDECLARED_SELECTOR = YES;
				GCC_WARN_UNINITIALIZED_AUTOS = YES_AGGRESSIVE;
				GCC_WARN_UNUSED_FUNCTION = YES;
				GCC_WARN_UNUSED_VARIABLE = YES;
				IPHONEOS_DEPLOYMENT_TARGET = 8.0;
				MTL_ENABLE_DEBUG_INFO = YES;
				ONLY_ACTIVE_ARCH = YES;
				SDKROOT = iphoneos;
				SWIFT_ACTIVE_COMPILATION_CONDITIONS = DEBUG;
				SWIFT_OPTIMIZATION_LEVEL = "-Onone";
			};
			name = Debug;
		};
		702E23B71FFD53A900A1F365 /* Release */ = {
			isa = XCBuildConfiguration;
			buildSettings = {
				ALWAYS_SEARCH_USER_PATHS = NO;
				CLANG_ANALYZER_NONNULL = YES;
				CLANG_ANALYZER_NUMBER_OBJECT_CONVERSION = YES_AGGRESSIVE;
				CLANG_CXX_LANGUAGE_STANDARD = "gnu++14";
				CLANG_CXX_LIBRARY = "libc++";
				CLANG_ENABLE_MODULES = YES;
				CLANG_ENABLE_OBJC_ARC = YES;
				CLANG_WARN_BLOCK_CAPTURE_AUTORELEASING = YES;
				CLANG_WARN_BOOL_CONVERSION = YES;
				CLANG_WARN_COMMA = YES;
				CLANG_WARN_CONSTANT_CONVERSION = YES;
				CLANG_WARN_DIRECT_OBJC_ISA_USAGE = YES_ERROR;
				CLANG_WARN_DOCUMENTATION_COMMENTS = YES;
				CLANG_WARN_EMPTY_BODY = YES;
				CLANG_WARN_ENUM_CONVERSION = YES;
				CLANG_WARN_INFINITE_RECURSION = YES;
				CLANG_WARN_INT_CONVERSION = YES;
				CLANG_WARN_NON_LITERAL_NULL_CONVERSION = YES;
				CLANG_WARN_OBJC_LITERAL_CONVERSION = YES;
				CLANG_WARN_OBJC_ROOT_CLASS = YES_ERROR;
				CLANG_WARN_RANGE_LOOP_ANALYSIS = YES;
				CLANG_WARN_STRICT_PROTOTYPES = YES;
				CLANG_WARN_SUSPICIOUS_MOVE = YES;
				CLANG_WARN_UNGUARDED_AVAILABILITY = YES_AGGRESSIVE;
				CLANG_WARN_UNREACHABLE_CODE = YES;
				CLANG_WARN__DUPLICATE_METHOD_MATCH = YES;
				CODE_SIGN_IDENTITY = "iPhone Developer";
				COPY_PHASE_STRIP = NO;
				DEBUG_INFORMATION_FORMAT = "dwarf-with-dsym";
				ENABLE_NS_ASSERTIONS = NO;
				ENABLE_STRICT_OBJC_MSGSEND = YES;
				GCC_C_LANGUAGE_STANDARD = gnu11;
				GCC_NO_COMMON_BLOCKS = YES;
				GCC_WARN_64_TO_32_BIT_CONVERSION = YES;
				GCC_WARN_ABOUT_RETURN_TYPE = YES_ERROR;
				GCC_WARN_UNDECLARED_SELECTOR = YES;
				GCC_WARN_UNINITIALIZED_AUTOS = YES_AGGRESSIVE;
				GCC_WARN_UNUSED_FUNCTION = YES;
				GCC_WARN_UNUSED_VARIABLE = YES;
				IPHONEOS_DEPLOYMENT_TARGET = 8.0;
				MTL_ENABLE_DEBUG_INFO = NO;
				SDKROOT = iphoneos;
				SWIFT_OPTIMIZATION_LEVEL = "-Owholemodule";
				VALIDATE_PRODUCT = YES;
			};
			name = Release;
		};
		702E23B91FFD53A900A1F365 /* Debug */ = {
			isa = XCBuildConfiguration;
			buildSettings = {
				ASSETCATALOG_COMPILER_APPICON_NAME = AppIcon;
				CODE_SIGN_STYLE = Automatic;
				DEVELOPMENT_TEAM = UYGQV5C6GU;
				INFOPLIST_FILE = Sample/Info.plist;
				LD_RUNPATH_SEARCH_PATHS = "$(inherited) @executable_path/Frameworks";
				PRODUCT_BUNDLE_IDENTIFIER = fr.francoisdabonot.Sample;
				PRODUCT_NAME = "$(TARGET_NAME)";
				SWIFT_OBJC_BRIDGING_HEADER = "Sample/sample-Bridging-Header.h";
				SWIFT_VERSION = 4.0;
				TARGETED_DEVICE_FAMILY = "1,2";
			};
			name = Debug;
		};
		702E23BA1FFD53A900A1F365 /* Release */ = {
			isa = XCBuildConfiguration;
			buildSettings = {
				ASSETCATALOG_COMPILER_APPICON_NAME = AppIcon;
				CODE_SIGN_STYLE = Automatic;
				DEVELOPMENT_TEAM = UYGQV5C6GU;
				INFOPLIST_FILE = Sample/Info.plist;
				LD_RUNPATH_SEARCH_PATHS = "$(inherited) @executable_path/Frameworks";
				PRODUCT_BUNDLE_IDENTIFIER = fr.francoisdabonot.Sample;
				PRODUCT_NAME = "$(TARGET_NAME)";
				SWIFT_OBJC_BRIDGING_HEADER = "Sample/sample-Bridging-Header.h";
				SWIFT_VERSION = 4.0;
				TARGETED_DEVICE_FAMILY = "1,2";
			};
			name = Release;
		};
		702E23BC1FFD53A900A1F365 /* Debug */ = {
			isa = XCBuildConfiguration;
			buildSettings = {
				ALWAYS_EMBED_SWIFT_STANDARD_LIBRARIES = YES;
				BUNDLE_LOADER = "$(TEST_HOST)";
				CODE_SIGN_STYLE = Automatic;
				DEVELOPMENT_TEAM = UYGQV5C6GU;
				INFOPLIST_FILE = SampleTests/Info.plist;
				LD_RUNPATH_SEARCH_PATHS = "$(inherited) @executable_path/Frameworks @loader_path/Frameworks";
				PRODUCT_BUNDLE_IDENTIFIER = fr.francoisdabonot.SampleTests;
				PRODUCT_NAME = "$(TARGET_NAME)";
				SWIFT_VERSION = 4.0;
				TARGETED_DEVICE_FAMILY = "1,2";
				TEST_HOST = "$(BUILT_PRODUCTS_DIR)/Sample.app/Sample";
			};
			name = Debug;
		};
		702E23BD1FFD53A900A1F365 /* Release */ = {
			isa = XCBuildConfiguration;
			buildSettings = {
				ALWAYS_EMBED_SWIFT_STANDARD_LIBRARIES = YES;
				BUNDLE_LOADER = "$(TEST_HOST)";
				CODE_SIGN_STYLE = Automatic;
				DEVELOPMENT_TEAM = UYGQV5C6GU;
				INFOPLIST_FILE = SampleTests/Info.plist;
				LD_RUNPATH_SEARCH_PATHS = "$(inherited) @executable_path/Frameworks @loader_path/Frameworks";
				PRODUCT_BUNDLE_IDENTIFIER = fr.francoisdabonot.SampleTests;
				PRODUCT_NAME = "$(TARGET_NAME)";
				SWIFT_VERSION = 4.0;
				TARGETED_DEVICE_FAMILY = "1,2";
				TEST_HOST = "$(BUILT_PRODUCTS_DIR)/Sample.app/Sample";
			};
			name = Release;
		};
/* End XCBuildConfiguration section */

/* Begin XCConfigurationList section */
		702E23961FFD53A900A1F365 /* Build configuration list for PBXProject "Sample" */ = {
			isa = XCConfigurationList;
			buildConfigurations = (
				702E23B61FFD53A900A1F365 /* Debug */,
				702E23B71FFD53A900A1F365 /* Release */,
			);
			defaultConfigurationIsVisible = 0;
			defaultConfigurationName = Release;
		};
		702E23B81FFD53A900A1F365 /* Build configuration list for PBXNativeTarget "Sample" */ = {
			isa = XCConfigurationList;
			buildConfigurations = (
				702E23B91FFD53A900A1F365 /* Debug */,
				702E23BA1FFD53A900A1F365 /* Release */,
			);
			defaultConfigurationIsVisible = 0;
			defaultConfigurationName = Release;
		};
		702E23BB1FFD53A900A1F365 /* Build configuration list for PBXNativeTarget "SampleTests" */ = {
			isa = XCConfigurationList;
			buildConfigurations = (
				702E23BC1FFD53A900A1F365 /* Debug */,
				702E23BD1FFD53A900A1F365 /* Release */,
			);
			defaultConfigurationIsVisible = 0;
			defaultConfigurationName = Release;
		};
/* End XCConfigurationList section */
	};
	rootObject = 702E23931FFD53A900A1F365 /* Project object */;
}
